
Microsoft Visual Studio Solution File, Format Version 12.00
# Visual Studio 15
VisualStudioVersion = 15.0.27130.2024
MinimumVisualStudioVersion = 10.0.40219.1
Project("{FAE04EC0-301F-11D3-BF4B-00C04F79EFBC}") = "AuraToSerial", "AuraToSerial\AuraToSerial.csproj", "{422A9D34-D84C-44F3-8B62-E03B519A54C2}"
EndProject
Global
	GlobalSection(SolutionConfigurationPlatforms) = preSolution
		Debug|Any CPU = Debug|Any CPU
		Release|Any CPU = Release|Any CPU
	EndGlobalSection
	GlobalSection(ProjectConfigurationPlatforms) = postSolution
		{422A9D34-D84C-44F3-8B62-E03B519A54C2}.Debug|Any CPU.ActiveCfg = Debug|Any CPU
		{422A9D34-D84C-44F3-8B62-E03B519A54C2}.Debug|Any CPU.Build.0 = Debug|Any CPU
		{422A9D34-D84C-44F3-8B62-E03B519A54C2}.Release|Any CPU.ActiveCfg = Release|Any CPU
		{422A9D34-D84C-44F3-8B62-E03B519A54C2}.Release|Any CPU.Build.0 = Release|Any CPU
	EndGlobalSection
	GlobalSection(SolutionProperties) = preSolution
		HideSolutionNode = FALSE
	EndGlobalSection
	GlobalSection(ExtensibilityGlobals) = postSolution
		SolutionGuid = {96F4846D-7430-4044-A410-15BA4F6DA6D6}
	EndGlobalSection
EndGlobal
